dependencies:
- name: argo-cd
  repository: https://argoproj.github.io/argo-helm
  version: 3.10.0
- name: argocd-applicationset
  repository: https://argoproj.github.io/argo-helm
  version: 0.1.6
digest: sha256:552d96584af89e21d0c40d745a3984319af4f16410ab0077925e3ed987585241
generated: "2021-08-10T22:02:16.875111728Z"
